// !$*UTF8*$!
{
	archiveVersion = 1;
	classes = {
	};
	objectVersion = 56;
	objects = {

/* Begin PBXBuildFile section */
		BD4262242C52CA5800A61180 /* AboutMeAppApp.swift in Sources */ = {isa = PBXBuildFile; fileRef = BD4262232C52CA5800A61180 /* AboutMeAppApp.swift */; };
		BD4262262C52CA5800A61180 /* ContentView.swift in Sources */ = {isa = PBXBuildFile; fileRef = BD4262252C52CA5800A61180 /* ContentView.swift */; };
		BD4262282C52CA6500A61180 /* Assets.xcassets in Resources */ = {isa = PBXBuildFile; fileRef = BD4262272C52CA6500A61180 /* Assets.xcassets */; };
		BD42622B2C52CA6500A61180 /* Preview Assets.xcassets in Resources */ = {isa = PBXBuildFile; fileRef = BD42622A2C52CA6500A61180 /* Preview Assets.xcassets */; };
		BD4262352C52CA6500A61180 /* AboutMeAppTests.swift in Sources */ = {isa = PBXBuildFile; fileRef = BD4262342C52CA6500A61180 /* AboutMeAppTests.swift */; };
		BD42623F2C52CA6500A61180 /* AboutMeAppUITests.swift in Sources */ = {isa = PBXBuildFile; fileRef = BD42623E2C52CA6500A61180 /* AboutMeAppUITests.swift */; };
		BD4262412C52CA6500A61180 /* AboutMeAppUITestsLaunchTests.swift in Sources */ = {isa = PBXBuildFile; fileRef = BD4262402C52CA6500A61180 /* AboutMeAppUITestsLaunchTests.swift */; };
/* End PBXBuildFile section */

/* Begin PBXContainerItemProxy section */
		BD4262312C52CA6500A61180 /* PBXContainerItemProxy */ = {
			isa = PBXContainerItemProxy;
			containerPortal = BD4262182C52CA5800A61180 /* Project object */;
			proxyType = 1;
			remoteGlobalIDString = BD42621F2C52CA5800A61180;
			remoteInfo = AboutMeApp;
		};
		BD42623B2C52CA6500A61180 /* PBXContainerItemProxy */ = {
			isa = PBXContainerItemProxy;
			containerPortal = BD4262182C52CA5800A61180 /* Project object */;
			proxyType = 1;
			remoteGlobalIDString = BD42621F2C52CA5800A61180;
			remoteInfo = AboutMeApp;
		};
/* End PBXContainerItemProxy section */

/* Begin PBXFileReference section */
		BD4262202C52CA5800A61180 /* AboutMeApp.app */ = {isa = PBXFileReference; explicitFileType = wrapper.application; includeInIndex = 0; path = AboutMeApp.app; sourceTree = BUILT_PRODUCTS_DIR; };
		BD4262232C52CA5800A61180 /* AboutMeAppApp.swift */ = {isa = PBXFileReference; lastKnownFileType = sourcecode.swift; path = AboutMeAppApp.swift; sourceTree = "<group>"; };
		BD4262252C52CA5800A61180 /* ContentView.swift */ = {isa = PBXFileReference; lastKnownFileType = sourcecode.swift; path = ContentView.swift; sourceTree = "<group>"; };
		BD4262272C52CA6500A61180 /* Assets.xcassets */ = {isa = PBXFileReference; lastKnownFileType = folder.assetcatalog; path = Assets.xcassets; sourceTree = "<group>"; };
		BD42622A2C52CA6500A61180 /* Preview Assets.xcassets */ = {isa = PBXFileReference; lastKnownFileType = folder.assetcatalog; path = "Preview Assets.xcassets"; sourceTree = "<group>"; };
		BD4262302C52CA6500A61180 /* AboutMeAppTests.xctest */ = {isa = PBXFileReference; explicitFileType = wrapper.cfbundle; includeInIndex = 0; path = AboutMeAppTests.xctest; sourceTree = BUILT_PRODUCTS_DIR; };
		BD4262342C52CA6500A61180 /* AboutMeAppTests.swift */ = {isa = PBXFileReference; lastKnownFileType = sourcecode.swift; path = AboutMeAppTests.swift; sourceTree = "<group>"; };
		BD42623A2C52CA6500A61180 /* AboutMeAppUITests.xctest */ = {isa = PBXFileReference; explicitFileType = wrapper.cfbundle; includeInIndex = 0; path = AboutMeAppUITests.xctest; sourceTree = BUILT_PRODUCTS_DIR; };
		BD42623E2C52CA6500A61180 /* AboutMeAppUITests.swift */ = {isa = PBXFileReference; lastKnownFileType = sourcecode.swift; path = AboutMeAppUITests.swift; sourceTree = "<group>"; };
		BD4262402C52CA6500A61180 /* AboutMeAppUITestsLaunchTests.swift */ = {isa = PBXFileReference; lastKnownFileType = sourcecode.swift; path = AboutMeAppUITestsLaunchTests.swift; sourceTree = "<group>"; };
/* End PBXFileReference section */

/* Begin PBXFrameworksBuildPhase section */
		BD42621D2C52CA5800A61180 /* Frameworks */ = {
			isa = PBXFrameworksBuildPhase;
			buildActionMask = 2147483647;
			files = (
			);
			runOnlyForDeploymentPostprocessing = 0;
		};
		BD42622D2C52CA6500A61180 /* Frameworks */ = {
			isa = PBXFrameworksBuildPhase;
			buildActionMask = 2147483647;
			files = (
			);
			runOnlyForDeploymentPostprocessing = 0;
		};
		BD4262372C52CA6500A61180 /* Frameworks */ = {
			isa = PBXFrameworksBuildPhase;
			buildActionMask = 2147483647;
			files = (
			);
			runOnlyForDeploymentPostprocessing = 0;
		};
/* End PBXFrameworksBuildPhase section */

/* Begin PBXGroup section */
		BD4262172C52CA5800A61180 = {
			isa = PBXGroup;
			children = (
				BD4262222C52CA5800A61180 /* AboutMeApp */,
				BD4262332C52CA6500A61180 /* AboutMeAppTests */,
				BD42623D2C52CA6500A61180 /* AboutMeAppUITests */,
				BD4262212C52CA5800A61180 /* Products */,
			);
			sourceTree = "<group>";
		};
		BD4262212C52CA5800A61180 /* Products */ = {
			isa = PBXGroup;
			children = (
				BD4262202C52CA5800A61180 /* AboutMeApp.app */,
				BD4262302C52CA6500A61180 /* AboutMeAppTests.xctest */,
				BD42623A2C52CA6500A61180 /* AboutMeAppUITests.xctest */,
			);
			name = Products;
			sourceTree = "<group>";
		};
		BD4262222C52CA5800A61180 /* AboutMeApp */ = {
			isa = PBXGroup;
			children = (
				BD4262232C52CA5800A61180 /* AboutMeAppApp.swift */,
				BD4262252C52CA5800A61180 /* ContentView.swift */,
				BD4262272C52CA6500A61180 /* Assets.xcassets */,
				BD4262292C52CA6500A61180 /* Preview Content */,
			);
			path = AboutMeApp;
			sourceTree = "<group>";
		};
		BD4262292C52CA6500A61180 /* Preview Content */ = {
			isa = PBXGroup;
			children = (
				BD42622A2C52CA6500A61180 /* Preview Assets.xcassets */,
			);
			path = "Preview Content";
			sourceTree = "<group>";
		};
		BD4262332C52CA6500A61180 /* AboutMeAppTests */ = {
			isa = PBXGroup;
			children = (
				BD4262342C52CA6500A61180 /* AboutMeAppTests.swift */,
			);
			path = AboutMeAppTests;
			sourceTree = "<group>";
		};
		BD42623D2C52CA6500A61180 /* AboutMeAppUITests */ = {
			isa = PBXGroup;
			children = (
				BD42623E2C52CA6500A61180 /* AboutMeAppUITests.swift */,
				BD4262402C52CA6500A61180 /* AboutMeAppUITestsLaunchTests.swift */,
			);
			path = AboutMeAppUITests;
			sourceTree = "<group>";
		};
/* End PBXGroup section */

/* Begin PBXNativeTarget section */
		BD42621F2C52CA5800A61180 /* AboutMeApp */ = {
			isa = PBXNativeTarget;
			buildConfigurationList = BD4262442C52CA6500A61180 /* Build configuration list for PBXNativeTarget "AboutMeApp" */;
			buildPhases = (
				BD42621C2C52CA5800A61180 /* Sources */,
				BD42621D2C52CA5800A61180 /* Frameworks */,
				BD42621E2C52CA5800A61180 /* Resources */,
			);
			buildRules = (
			);
			dependencies = (
			);
			name = AboutMeApp;
			productName = AboutMeApp;
			productReference = BD4262202C52CA5800A61180 /* AboutMeApp.app */;
			productType = "com.apple.product-type.application";
		};
		BD42622F2C52CA6500A61180 /* AboutMeAppTests */ = {
			isa = PBXNativeTarget;
			buildConfigurationList = BD4262472C52CA6500A61180 /* Build configuration list for PBXNativeTarget "AboutMeAppTests" */;
			buildPhases = (
				BD42622C2C52CA6500A61180 /* Sources */,
				BD42622D2C52CA6500A61180 /* Frameworks */,
				BD42622E2C52CA6500A61180 /* Resources */,
			);
			buildRules = (
			);
			dependencies = (
				BD4262322C52CA6500A61180 /* PBXTargetDependency */,
			);
			name = AboutMeAppTests;
			productName = AboutMeAppTests;
			productReference = BD4262302C52CA6500A61180 /* AboutMeAppTests.xctest */;
			productType = "com.apple.product-type.bundle.unit-test";
		};
		BD4262392C52CA6500A61180 /* AboutMeAppUITests */ = {
			isa = PBXNativeTarget;
			buildConfigurationList = BD42624A2C52CA6500A61180 /* Build configuration list for PBXNativeTarget "AboutMeAppUITests" */;
			buildPhases = (
				BD4262362C52CA6500A61180 /* Sources */,
				BD4262372C52CA6500A61180 /* Frameworks */,
				BD4262382C52CA6500A61180 /* Resources */,
			);
			buildRules = (
			);
			dependencies = (
				BD42623C2C52CA6500A61180 /* PBXTargetDependency */,
			);
			name = AboutMeAppUITests;
			productName = AboutMeAppUITests;
			productReference = BD42623A2C52CA6500A61180 /* AboutMeAppUITests.xctest */;
			productType = "com.apple.product-type.bundle.ui-testing";
		};
/* End PBXNativeTarget section */

/* Begin PBXProject section */
		BD4262182C52CA5800A61180 /* Project object */ = {
			isa = PBXProject;
			attributes = {
				BuildIndependentTargetsInParallel = 1;
				LastSwiftUpdateCheck = 1540;
				LastUpgradeCheck = 1540;
				TargetAttributes = {
					BD42621F2C52CA5800A61180 = {
						CreatedOnToolsVersion = 15.4;
					};
					BD42622F2C52CA6500A61180 = {
						CreatedOnToolsVersion = 15.4;
						TestTargetID = BD42621F2C52CA5800A61180;
					};
					BD4262392C52CA6500A61180 = {
						CreatedOnToolsVersion = 15.4;
						TestTargetID = BD42621F2C52CA5800A61180;
					};
				};
			};
			buildConfigurationList = BD42621B2C52CA5800A61180 /* Build configuration list for PBXProject "AboutMeApp" */;
			compatibilityVersion = "Xcode 14.0";
			developmentRegion = en;
			hasScannedForEncodings = 0;
			knownRegions = (
				en,
				Base,
			);
			mainGroup = BD4262172C52CA5800A61180;
			productRefGroup = BD4262212C52CA5800A61180 /* Products */;
			projectDirPath = "";
			projectRoot = "";
			targets = (
				BD42621F2C52CA5800A61180 /* AboutMeApp */,
				BD42622F2C52CA6500A61180 /* AboutMeAppTests */,
				BD4262392C52CA6500A61180 /* AboutMeAppUITests */,
			);
		};
/* End PBXProject section */

/* Begin PBXResourcesBuildPhase section */
		BD42621E2C52CA5800A61180 /* Resources */ = {
			isa = PBXResourcesBuildPhase;
			buildActionMask = 2147483647;
			files = (
				BD42622B2C52CA6500A61180 /* Preview Assets.xcassets in Resources */,
				BD4262282C52CA6500A61180 /* Assets.xcassets in Resources */,
			);
			runOnlyForDeploymentPostprocessing = 0;
		};
		BD42622E2C52CA6500A61180 /* Resources */ = {
			isa = PBXResourcesBuildPhase;
			buildActionMask = 2147483647;
			files = (
			);
			runOnlyForDeploymentPostprocessing = 0;
		};
		BD4262382C52CA6500A61180 /* Resources */ = {
			isa = PBXResourcesBuildPhase;
			buildActionMask = 2147483647;
			files = (
			);
			runOnlyForDeploymentPostprocessing = 0;
		};
/* End PBXResourcesBuildPhase section */

/* Begin PBXSourcesBuildPhase section */
		BD42621C2C52CA5800A61180 /* Sources */ = {
			isa = PBXSourcesBuildPhase;
			buildActionMask = 2147483647;
			files = (
				BD4262262C52CA5800A61180 /* ContentView.swift in Sources */,
				BD4262242C52CA5800A61180 /* AboutMeAppApp.swift in Sources */,
			);
			runOnlyForDeploymentPostprocessing = 0;
		};
		BD42622C2C52CA6500A61180 /* Sources */ = {
			isa = PBXSourcesBuildPhase;
			buildActionMask = 2147483647;
			files = (
				BD4262352C52CA6500A61180 /* AboutMeAppTests.swift in Sources */,
			);
			runOnlyForDeploymentPostprocessing = 0;
		};
		BD4262362C52CA6500A61180 /* Sources */ = {
			isa = PBXSourcesBuildPhase;
			buildActionMask = 2147483647;
			files = (
				BD4262412C52CA6500A61180 /* AboutMeAppUITestsLaunchTests.swift in Sources */,
				BD42623F2C52CA6500A61180 /* AboutMeAppUITests.swift in Sources */,
			);
			runOnlyForDeploymentPostprocessing = 0;
		};
/* End PBXSourcesBuildPhase section */

/* Begin PBXTargetDependency section */
		BD4262322C52CA6500A61180 /* PBXTargetDependency */ = {
			isa = PBXTargetDependency;
			target = BD42621F2C52CA5800A61180 /* AboutMeApp */;
			targetProxy = BD4262312C52CA6500A61180 /* PBXContainerItemProxy */;
		};
		BD42623C2C52CA6500A61180 /* PBXTargetDependency */ = {
			isa = PBXTargetDependency;
			target = BD42621F2C52CA5800A61180 /* AboutMeApp */;
			targetProxy = BD42623B2C52CA6500A61180 /* PBXContainerItemProxy */;
		};
/* End PBXTargetDependency section */

/* Begin XCBuildConfiguration section */
		BD4262422C52CA6500A61180 /* Debug */ = {
			isa = XCBuildConfiguration;
			buildSettings = {
				ALWAYS_SEARCH_USER_PATHS = NO;
				ASSETCATALOG_COMPILER_GENERATE_SWIFT_ASSET_SYMBOL_EXTENSIONS = YES;
				CLANG_ANALYZER_NONNULL = YES;
				CLANG_ANALYZER_NUMBER_OBJECT_CONVERSION = YES_AGGRESSIVE;
				CLANG_CXX_LANGUAGE_STANDARD = "gnu++20";
				CLANG_ENABLE_MODULES = YES;
				CLANG_ENABLE_OBJC_ARC = YES;
				CLANG_ENABLE_OBJC_WEAK = YES;
				CLANG_WARN_BLOCK_CAPTURE_AUTORELEASING = YES;
				CLANG_WARN_BOOL_CONVERSION = YES;
				CLANG_WARN_COMMA = YES;
				CLANG_WARN_CONSTANT_CONVERSION = YES;
				CLANG_WARN_DEPRECATED_OBJC_IMPLEMENTATIONS = YES;
				CLANG_WARN_DIRECT_OBJC_ISA_USAGE = YES_ERROR;
				CLANG_WARN_DOCUMENTATION_COMMENTS = YES;
				CLANG_WARN_EMPTY_BODY = YES;
				CLANG_WARN_ENUM_CONVERSION = YES;
				CLANG_WARN_INFINITE_RECURSION = YES;
				CLANG_WARN_INT_CONVERSION = YES;
				CLANG_WARN_NON_LITERAL_NULL_CONVERSION = YES;
				CLANG_WARN_OBJC_IMPLICIT_RETAIN_SELF = YES;
				CLANG_WARN_OBJC_LITERAL_CONVERSION = YES;
				CLANG_WARN_OBJC_ROOT_CLASS = YES_ERROR;
				CLANG_WARN_QUOTED_INCLUDE_IN_FRAMEWORK_HEADER = YES;
				CLANG_WARN_RANGE_LOOP_ANALYSIS = YES;
				CLANG_WARN_STRICT_PROTOTYPES = YES;
				CLANG_WARN_SUSPICIOUS_MOVE = YES;
				CLANG_WARN_UNGUARDED_AVAILABILITY = YES_AGGRESSIVE;
				CLANG_WARN_UNREACHABLE_CODE = YES;
				CLANG_WARN__DUPLICATE_METHOD_MATCH = YES;
				COPY_PHASE_STRIP = NO;
				DEBUG_INFORMATION_FORMAT = dwarf;
				ENABLE_STRICT_OBJC_MSGSEND = YES;
				ENABLE_TESTABILITY = YES;
				ENABLE_USER_SCRIPT_SANDBOXING = YES;
				GCC_C_LANGUAGE_STANDARD = gnu17;
				GCC_DYNAMIC_NO_PIC = NO;
				GCC_NO_COMMON_BLOCKS = YES;
				GCC_OPTIMIZATION_LEVEL = 0;
				GCC_PREPROCESSOR_DEFINITIONS = (
					"DEBUG=1",
					"$(inherited)",
				);
				GCC_WARN_64_TO_32_BIT_CONVERSION = YES;
				GCC_WARN_ABOUT_RETURN_TYPE = YES_ERROR;
				GCC_WARN_UNDECLARED_SELECTOR = YES;
				GCC_WARN_UNINITIALIZED_AUTOS = YES_AGGRESSIVE;
				GCC_WARN_UNUSED_FUNCTION = YES;
				GCC_WARN_UNUSED_VARIABLE = YES;
				IPHONEOS_DEPLOYMENT_TARGET = 17.5;
				LOCALIZATION_PREFERS_STRING_CATALOGS = YES;
				MTL_ENABLE_DEBUG_INFO = INCLUDE_SOURCE;
				MTL_FAST_MATH = YES;
				ONLY_ACTIVE_ARCH = YES;
				SDKROOT = iphoneos;
				SWIFT_ACTIVE_COMPILATION_CONDITIONS = "DEBUG $(inherited)";
				SWIFT_OPTIMIZATION_LEVEL = "-Onone";
			};
			name = Debug;
		};
		BD4262432C52CA6500A61180 /* Release */ = {
			isa = XCBuildConfiguration;
			buildSettings = {
				ALWAYS_SEARCH_USER_PATHS = NO;
				ASSETCATALOG_COMPILER_GENERATE_SWIFT_ASSET_SYMBOL_EXTENSIONS = YES;
				CLANG_ANALYZER_NONNULL = YES;
				CLANG_ANALYZER_NUMBER_OBJECT_CONVERSION = YES_AGGRESSIVE;
				CLANG_CXX_LANGUAGE_STANDARD = "gnu++20";
				CLANG_ENABLE_MODULES = YES;
				CLANG_ENABLE_OBJC_ARC = YES;
				CLANG_ENABLE_OBJC_WEAK = YES;
				CLANG_WARN_BLOCK_CAPTURE_AUTORELEASING = YES;
				CLANG_WARN_BOOL_CONVERSION = YES;
				CLANG_WARN_COMMA = YES;
				CLANG_WARN_CONSTANT_CONVERSION = YES;
				CLANG_WARN_DEPRECATED_OBJC_IMPLEMENTATIONS = YES;
				CLANG_WARN_DIRECT_OBJC_ISA_USAGE = YES_ERROR;
				CLANG_WARN_DOCUMENTATION_COMMENTS = YES;
				CLANG_WARN_EMPTY_BODY = YES;
				CLANG_WARN_ENUM_CONVERSION = YES;
				CLANG_WARN_INFINITE_RECURSION = YES;
				CLANG_WARN_INT_CONVERSION = YES;
				CLANG_WARN_NON_LITERAL_NULL_CONVERSION = YES;
				CLANG_WARN_OBJC_IMPLICIT_RETAIN_SELF = YES;
				CLANG_WARN_OBJC_LITERAL_CONVERSION = YES;
				CLANG_WARN_OBJC_ROOT_CLASS = YES_ERROR;
				CLANG_WARN_QUOTED_INCLUDE_IN_FRAMEWORK_HEADER = YES;
				CLANG_WARN_RANGE_LOOP_ANALYSIS = YES;
				CLANG_WARN_STRICT_PROTOTYPES = YES;
				CLANG_WARN_SUSPICIOUS_MOVE = YES;
				CLANG_WARN_UNGUARDED_AVAILABILITY = YES_AGGRESSIVE;
				CLANG_WARN_UNREACHABLE_CODE = YES;
				CLANG_WARN__DUPLICATE_METHOD_MATCH = YES;
				COPY_PHASE_STRIP = NO;
				DEBUG_INFORMATION_FORMAT = "dwarf-with-dsym";
				ENABLE_NS_ASSERTIONS = NO;
				ENABLE_STRICT_OBJC_MSGSEND = YES;
				ENABLE_USER_SCRIPT_SANDBOXING = YES;
				GCC_C_LANGUAGE_STANDARD = gnu17;
				GCC_NO_COMMON_BLOCKS = YES;
				GCC_WARN_64_TO_32_BIT_CONVERSION = YES;
				GCC_WARN_ABOUT_RETURN_TYPE = YES_ERROR;
				GCC_WARN_UNDECLARED_SELECTOR = YES;
				GCC_WARN_UNINITIALIZED_AUTOS = YES_AGGRESSIVE;
				GCC_WARN_UNUSED_FUNCTION = YES;
				GCC_WARN_UNUSED_VARIABLE = YES;
				IPHONEOS_DEPLOYMENT_TARGET = 17.5;
				LOCALIZATION_PREFERS_STRING_CATALOGS = YES;
				MTL_ENABLE_DEBUG_INFO = NO;
				MTL_FAST_MATH = YES;
				SDKROOT = iphoneos;
				SWIFT_COMPILATION_MODE = wholemodule;
				VALIDATE_PRODUCT = YES;
			};
			name = Release;
		};
		BD4262452C52CA6500A61180 /* Debug */ = {
			isa = XCBuildConfiguration;
			buildSettings = {
				ASSETCATALOG_COMPILER_APPICON_NAME = AppIcon;
				ASSETCATALOG_COMPILER_GLOBAL_ACCENT_COLOR_NAME = AccentColor;
				CODE_SIGN_STYLE = Automatic;
				CURRENT_PROJECT_VERSION = 1;
				DEVELOPMENT_ASSET_PATHS = "\"AboutMeApp/Preview Content\"";
				DEVELOPMENT_TEAM = W723VFYYHH;
				ENABLE_PREVIEWS = YES;
				GENERATE_INFOPLIST_FILE = YES;
				INFOPLIST_KEY_UIApplicationSceneManifest_Generation = YES;
				INFOPLIST_KEY_UIApplicationSupportsIndirectInputEvents = YES;
				INFOPLIST_KEY_UILaunchScreen_Generation = YES;
				INFOPLIST_KEY_UISupportedInterfaceOrientations_iPad = "UIInterfaceOrientationPortrait UIInterfaceOrientationPortraitUpsideDown UIInterfaceOrientationLandscapeLeft UIInterfaceOrientationLandscapeRight";
				INFOPLIST_KEY_UISupportedInterfaceOrientations_iPhone = "UIInterfaceOrientationPortrait UIInterfaceOrientationLandscapeLeft UIInterfaceOrientationLandscapeRight";
				LD_RUNPATH_SEARCH_PATHS = (
					"$(inherited)",
					"@executable_path/Frameworks",
				);
				MARKETING_VERSION = 1.0;
				PRODUCT_BUNDLE_IDENTIFIER = KWK.AboutMeApp;
				PRODUCT_NAME = "$(TARGET_NAME)";
				SWIFT_EMIT_LOC_STRINGS = YES;
				SWIFT_VERSION = 5.0;
				TARGETED_DEVICE_FAMILY = "1,2";
			};
			name = Debug;
		};
		BD4262462C52CA6500A61180 /* Release */ = {
			isa = XCBuildConfiguration;
			buildSettings = {
				ASSETCATALOG_COMPILER_APPICON_NAME = AppIcon;
				ASSETCATALOG_COMPILER_GLOBAL_ACCENT_COLOR_NAME = AccentColor;
				CODE_SIGN_STYLE = Automatic;
				CURRENT_PROJECT_VERSION = 1;
				DEVELOPMENT_ASSET_PATHS = "\"AboutMeApp/Preview Content\"";
				DEVELOPMENT_TEAM = W723VFYYHH;
				ENABLE_PREVIEWS = YES;
				GENERATE_INFOPLIST_FILE = YES;
				INFOPLIST_KEY_UIApplicationSceneManifest_Generation = YES;
				INFOPLIST_KEY_UIApplicationSupportsIndirectInputEvents = YES;
				INFOPLIST_KEY_UILaunchScreen_Generation = YES;
				INFOPLIST_KEY_UISupportedInterfaceOrientations_iPad = "UIInterfaceOrientationPortrait UIInterfaceOrientationPortraitUpsideDown UIInterfaceOrientationLandscapeLeft UIInterfaceOrientationLandscapeRight";
				INFOPLIST_KEY_UISupportedInterfaceOrientations_iPhone = "UIInterfaceOrientationPortrait UIInterfaceOrientationLandscapeLeft UIInterfaceOrientationLandscapeRight";
				LD_RUNPATH_SEARCH_PATHS = (
					"$(inherited)",
					"@executable_path/Frameworks",
				);
				MARKETING_VERSION = 1.0;
				PRODUCT_BUNDLE_IDENTIFIER = KWK.AboutMeApp;
				PRODUCT_NAME = "$(TARGET_NAME)";
				SWIFT_EMIT_LOC_STRINGS = YES;
				SWIFT_VERSION = 5.0;
				TARGETED_DEVICE_FAMILY = "1,2";
			};
			name = Release;
		};
		BD4262482C52CA6500A61180 /* Debug */ = {
			isa = XCBuildConfiguration;
			buildSettings = {
				ALWAYS_EMBED_SWIFT_STANDARD_LIBRARIES = YES;
				BUNDLE_LOADER = "$(TEST_HOST)";
				CODE_SIGN_STYLE = Automatic;
				CURRENT_PROJECT_VERSION = 1;
				DEVELOPMENT_TEAM = W723VFYYHH;
				GENERATE_INFOPLIST_FILE = YES;
				IPHONEOS_DEPLOYMENT_TARGET = 17.5;
				MARKETING_VERSION = 1.0;
				PRODUCT_BUNDLE_IDENTIFIER = KWK.AboutMeAppTests;
				PRODUCT_NAME = "$(TARGET_NAME)";
				SWIFT_EMIT_LOC_STRINGS = NO;
				SWIFT_VERSION = 5.0;
				TARGETED_DEVICE_FAMILY = "1,2";
				TEST_HOST = "$(BUILT_PRODUCTS_DIR)/AboutMeApp.app/$(BUNDLE_EXECUTABLE_FOLDER_PATH)/AboutMeApp";
			};
			name = Debug;
		};
		BD4262492C52CA6500A61180 /* Release */ = {
			isa = XCBuildConfiguration;
			buildSettings = {
				ALWAYS_EMBED_SWIFT_STANDARD_LIBRARIES = YES;
				BUNDLE_LOADER = "$(TEST_HOST)";
				CODE_SIGN_STYLE = Automatic;
				CURRENT_PROJECT_VERSION = 1;
				DEVELOPMENT_TEAM = W723VFYYHH;
				GENERATE_INFOPLIST_FILE = YES;
				IPHONEOS_DEPLOYMENT_TARGET = 17.5;
				MARKETING_VERSION = 1.0;
				PRODUCT_BUNDLE_IDENTIFIER = KWK.AboutMeAppTests;
				PRODUCT_NAME = "$(TARGET_NAME)";
				SWIFT_EMIT_LOC_STRINGS = NO;
				SWIFT_VERSION = 5.0;
				TARGETED_DEVICE_FAMILY = "1,2";
				TEST_HOST = "$(BUILT_PRODUCTS_DIR)/AboutMeApp.app/$(BUNDLE_EXECUTABLE_FOLDER_PATH)/AboutMeApp";
			};
			name = Release;
		};
		BD42624B2C52CA6500A61180 /* Debug */ = {
			isa = XCBuildConfiguration;
			buildSettings = {
				ALWAYS_EMBED_SWIFT_STANDARD_LIBRARIES = YES;
				CODE_SIGN_STYLE = Automatic;
				CURRENT_PROJECT_VERSION = 1;
				DEVELOPMENT_TEAM = W723VFYYHH;
				GENERATE_INFOPLIST_FILE = YES;
				MARKETING_VERSION = 1.0;
				PRODUCT_BUNDLE_IDENTIFIER = KWK.AboutMeAppUITests;
				PRODUCT_NAME = "$(TARGET_NAME)";
				SWIFT_EMIT_LOC_STRINGS = NO;
				SWIFT_VERSION = 5.0;
				TARGETED_DEVICE_FAMILY = "1,2";
				TEST_TARGET_NAME = AboutMeApp;
			};
			name = Debug;
		};
		BD42624C2C52CA6500A61180 /* Release */ = {
			isa = XCBuildConfiguration;
			buildSettings = {
				ALWAYS_EMBED_SWIFT_STANDARD_LIBRARIES = YES;
				CODE_SIGN_STYLE = Automatic;
				CURRENT_PROJECT_VERSION = 1;
				DEVELOPMENT_TEAM = W723VFYYHH;
				GENERATE_INFOPLIST_FILE = YES;
				MARKETING_VERSION = 1.0;
				PRODUCT_BUNDLE_IDENTIFIER = KWK.AboutMeAppUITests;
				PRODUCT_NAME = "$(TARGET_NAME)";
				SWIFT_EMIT_LOC_STRINGS = NO;
				SWIFT_VERSION = 5.0;
				TARGETED_DEVICE_FAMILY = "1,2";
				TEST_TARGET_NAME = AboutMeApp;
			};
			name = Release;
		};
/* End XCBuildConfiguration section */

/* Begin XCConfigurationList section */
		BD42621B2C52CA5800A61180 /* Build configuration list for PBXProject "AboutMeApp" */ = {
			isa = XCConfigurationList;
			buildConfigurations = (
				BD4262422C52CA6500A61180 /* Debug */,
				BD4262432C52CA6500A61180 /* Release */,
			);
			defaultConfigurationIsVisible = 0;
			defaultConfigurationName = Release;
		};
		BD4262442C52CA6500A61180 /* Build configuration list for PBXNativeTarget "AboutMeApp" */ = {
			isa = XCConfigurationList;
			buildConfigurations = (
				BD4262452C52CA6500A61180 /* Debug */,
				BD4262462C52CA6500A61180 /* Release */,
			);
			defaultConfigurationIsVisible = 0;
			defaultConfigurationName = Release;
		};
		BD4262472C52CA6500A61180 /* Build configuration list for PBXNativeTarget "AboutMeAppTests" */ = {
			isa = XCConfigurationList;
			buildConfigurations = (
				BD4262482C52CA6500A61180 /* Debug */,
				BD4262492C52CA6500A61180 /* Release */,
			);
			defaultConfigurationIsVisible = 0;
			defaultConfigurationName = Release;
		};
		BD42624A2C52CA6500A61180 /* Build configuration list for PBXNativeTarget "AboutMeAppUITests" */ = {
			isa = XCConfigurationList;
			buildConfigurations = (
				BD42624B2C52CA6500A61180 /* Debug */,
				BD42624C2C52CA6500A61180 /* Release */,
			);
			defaultConfigurationIsVisible = 0;
			defaultConfigurationName = Release;
		};
/* End XCConfigurationList section */
	};
	rootObject = BD4262182C52CA5800A61180 /* Project object */;
}
